
Microsoft Visual Studio Solution File, Format Version 12.00
# Visual Studio Version 17
VisualStudioVersion = 17.0.31903.59
MinimumVisualStudioVersion = 10.0.40219.1
Project("{FAE04EC0-301F-11D3-BF4B-00C04F79EFBC}") = "Vcrm", "Vcrm\Vcrm.csproj", "{5A8B795A-3E50-4FB7-A738-2306E476798A}"
EndProject
Project("{FAE04EC0-301F-11D3-BF4B-00C04F79EFBC}") = "Vcrm.Tests", "Vcrm.Tests\Vcrm.Tests.csproj", "{4B5629BE-AEBF-4EE2-948E-485C60328331}"
EndProject
Project("{FAE04EC0-301F-11D3-BF4B-00C04F79EFBC}") = "Vcrm.Models", "Vcrm.Models\Vcrm.Models.csproj", "{927AC27E-5374-450C-82BE-6ADF6C5A1396}"
EndProject
Project("{FAE04EC0-301F-11D3-BF4B-00C04F79EFBC}") = "Vcrm.Repositories", "Vcrm.Repositories\Vcrm.Repositories.csproj", "{311D3915-60BB-43FA-B917-CF830D1C8926}"
EndProject
Project("{FAE04EC0-301F-11D3-BF4B-00C04F79EFBC}") = "Vcrm.Services", "Vcrm.Services\Vcrm.Services.csproj", "{7A63C329-B8AE-4924-A14D-8A6D3E3514AA}"
EndProject
Global
	GlobalSection(SolutionConfigurationPlatforms) = preSolution
		Debug|Any CPU = Debug|Any CPU
		Debug|x64 = Debug|x64
		Debug|x86 = Debug|x86
		Release|Any CPU = Release|Any CPU
		Release|x64 = Release|x64
		Release|x86 = Release|x86
	EndGlobalSection
	GlobalSection(ProjectConfigurationPlatforms) = postSolution
		{5A8B795A-3E50-4FB7-A738-2306E476798A}.Debug|Any CPU.ActiveCfg = Debug|Any CPU
		{5A8B795A-3E50-4FB7-A738-2306E476798A}.Debug|Any CPU.Build.0 = Debug|Any CPU
		{5A8B795A-3E50-4FB7-A738-2306E476798A}.Debug|x64.ActiveCfg = Debug|Any CPU
		{5A8B795A-3E50-4FB7-A738-2306E476798A}.Debug|x64.Build.0 = Debug|Any CPU
		{5A8B795A-3E50-4FB7-A738-2306E476798A}.Debug|x86.ActiveCfg = Debug|Any CPU
		{5A8B795A-3E50-4FB7-A738-2306E476798A}.Debug|x86.Build.0 = Debug|Any CPU
		{5A8B795A-3E50-4FB7-A738-2306E476798A}.Release|Any CPU.ActiveCfg = Release|Any CPU
		{5A8B795A-3E50-4FB7-A738-2306E476798A}.Release|Any CPU.Build.0 = Release|Any CPU
		{5A8B795A-3E50-4FB7-A738-2306E476798A}.Release|x64.ActiveCfg = Release|Any CPU
		{5A8B795A-3E50-4FB7-A738-2306E476798A}.Release|x64.Build.0 = Release|Any CPU
		{5A8B795A-3E50-4FB7-A738-2306E476798A}.Release|x86.ActiveCfg = Release|Any CPU
		{5A8B795A-3E50-4FB7-A738-2306E476798A}.Release|x86.Build.0 = Release|Any CPU
		{4B5629BE-AEBF-4EE2-948E-485C60328331}.Debug|Any CPU.ActiveCfg = Debug|Any CPU
		{4B5629BE-AEBF-4EE2-948E-485C60328331}.Debug|Any CPU.Build.0 = Debug|Any CPU
		{4B5629BE-AEBF-4EE2-948E-485C60328331}.Debug|x64.ActiveCfg = Debug|Any CPU
		{4B5629BE-AEBF-4EE2-948E-485C60328331}.Debug|x64.Build.0 = Debug|Any CPU
		{4B5629BE-AEBF-4EE2-948E-485C60328331}.Debug|x86.ActiveCfg = Debug|Any CPU
		{4B5629BE-AEBF-4EE2-948E-485C60328331}.Debug|x86.Build.0 = Debug|Any CPU
		{4B5629BE-AEBF-4EE2-948E-485C60328331}.Release|Any CPU.ActiveCfg = Release|Any CPU
		{4B5629BE-AEBF-4EE2-948E-485C60328331}.Release|Any CPU.Build.0 = Release|Any CPU
		{4B5629BE-AEBF-4EE2-948E-485C60328331}.Release|x64.ActiveCfg = Release|Any CPU
		{4B5629BE-AEBF-4EE2-948E-485C60328331}.Release|x64.Build.0 = Release|Any CPU
		{4B5629BE-AEBF-4EE2-948E-485C60328331}.Release|x86.ActiveCfg = Release|Any CPU
		{4B5629BE-AEBF-4EE2-948E-485C60328331}.Release|x86.Build.0 = Release|Any CPU
		{927AC27E-5374-450C-82BE-6ADF6C5A1396}.Debug|Any CPU.ActiveCfg = Debug|Any CPU
		{927AC27E-5374-450C-82BE-6ADF6C5A1396}.Debug|Any CPU.Build.0 = Debug|Any CPU
		{927AC27E-5374-450C-82BE-6ADF6C5A1396}.Debug|x64.ActiveCfg = Debug|Any CPU
		{927AC27E-5374-450C-82BE-6ADF6C5A1396}.Debug|x64.Build.0 = Debug|Any CPU
		{927AC27E-5374-450C-82BE-6ADF6C5A1396}.Debug|x86.ActiveCfg = Debug|Any CPU
		{927AC27E-5374-450C-82BE-6ADF6C5A1396}.Debug|x86.Build.0 = Debug|Any CPU
		{927AC27E-5374-450C-82BE-6ADF6C5A1396}.Release|Any CPU.ActiveCfg = Release|Any CPU
		{927AC27E-5374-450C-82BE-6ADF6C5A1396}.Release|Any CPU.Build.0 = Release|Any CPU
		{927AC27E-5374-450C-82BE-6ADF6C5A1396}.Release|x64.ActiveCfg = Release|Any CPU
		{927AC27E-5374-450C-82BE-6ADF6C5A1396}.Release|x64.Build.0 = Release|Any CPU
		{927AC27E-5374-450C-82BE-6ADF6C5A1396}.Release|x86.ActiveCfg = Release|Any CPU
		{927AC27E-5374-450C-82BE-6ADF6C5A1396}.Release|x86.Build.0 = Release|Any CPU
		{311D3915-60BB-43FA-B917-CF830D1C8926}.Debug|Any CPU.ActiveCfg = Debug|Any CPU
		{311D3915-60BB-43FA-B917-CF830D1C8926}.Debug|Any CPU.Build.0 = Debug|Any CPU
		{311D3915-60BB-43FA-B917-CF830D1C8926}.Debug|x64.ActiveCfg = Debug|Any CPU
		{311D3915-60BB-43FA-B917-CF830D1C8926}.Debug|x64.Build.0 = Debug|Any CPU
		{311D3915-60BB-43FA-B917-CF830D1C8926}.Debug|x86.ActiveCfg = Debug|Any CPU
		{311D3915-60BB-43FA-B917-CF830D1C8926}.Debug|x86.Build.0 = Debug|Any CPU
		{311D3915-60BB-43FA-B917-CF830D1C8926}.Release|Any CPU.ActiveCfg = Release|Any CPU
		{311D3915-60BB-43FA-B917-CF830D1C8926}.Release|Any CPU.Build.0 = Release|Any CPU
		{311D3915-60BB-43FA-B917-CF830D1C8926}.Release|x64.ActiveCfg = Release|Any CPU
		{311D3915-60BB-43FA-B917-CF830D1C8926}.Release|x64.Build.0 = Release|Any CPU
		{311D3915-60BB-43FA-B917-CF830D1C8926}.Release|x86.ActiveCfg = Release|Any CPU
		{311D3915-60BB-43FA-B917-CF830D1C8926}.Release|x86.Build.0 = Release|Any CPU
		{7A63C329-B8AE-4924-A14D-8A6D3E3514AA}.Debug|Any CPU.ActiveCfg = Debug|Any CPU
		{7A63C329-B8AE-4924-A14D-8A6D3E3514AA}.Debug|Any CPU.Build.0 = Debug|Any CPU
		{7A63C329-B8AE-4924-A14D-8A6D3E3514AA}.Debug|x64.ActiveCfg = Debug|Any CPU
		{7A63C329-B8AE-4924-A14D-8A6D3E3514AA}.Debug|x64.Build.0 = Debug|Any CPU
		{7A63C329-B8AE-4924-A14D-8A6D3E3514AA}.Debug|x86.ActiveCfg = Debug|Any CPU
		{7A63C329-B8AE-4924-A14D-8A6D3E3514AA}.Debug|x86.Build.0 = Debug|Any CPU
		{7A63C329-B8AE-4924-A14D-8A6D3E3514AA}.Release|Any CPU.ActiveCfg = Release|Any CPU
		{7A63C329-B8AE-4924-A14D-8A6D3E3514AA}.Release|Any CPU.Build.0 = Release|Any CPU
		{7A63C329-B8AE-4924-A14D-8A6D3E3514AA}.Release|x64.ActiveCfg = Release|Any CPU
		{7A63C329-B8AE-4924-A14D-8A6D3E3514AA}.Release|x64.Build.0 = Release|Any CPU
		{7A63C329-B8AE-4924-A14D-8A6D3E3514AA}.Release|x86.ActiveCfg = Release|Any CPU
		{7A63C329-B8AE-4924-A14D-8A6D3E3514AA}.Release|x86.Build.0 = Release|Any CPU
	EndGlobalSection
	GlobalSection(SolutionProperties) = preSolution
		HideSolutionNode = FALSE
	EndGlobalSection
EndGlobal
